
Microsoft Visual Studio Solution File, Format Version 12.00
# Visual Studio Version 17
VisualStudioVersion = 17.11.35431.28
MinimumVisualStudioVersion = 10.0.40219.1
Project("{FAE04EC0-301F-11D3-BF4B-00C04F79EFBC}") = "constructorBasico", "constructorBasico.csproj", "{94925E19-BC77-49D6-B980-45F1B3C367BA}"
EndProject
Global
	GlobalSection(SolutionConfigurationPlatforms) = preSolution
		Debug|Any CPU = Debug|Any CPU
		Release|Any CPU = Release|Any CPU
	EndGlobalSection
	GlobalSection(ProjectConfigurationPlatforms) = postSolution
		{94925E19-BC77-49D6-B980-45F1B3C367BA}.Debug|Any CPU.ActiveCfg = Debug|Any CPU
		{94925E19-BC77-49D6-B980-45F1B3C367BA}.Debug|Any CPU.Build.0 = Debug|Any CPU
		{94925E19-BC77-49D6-B980-45F1B3C367BA}.Release|Any CPU.ActiveCfg = Release|Any CPU
		{94925E19-BC77-49D6-B980-45F1B3C367BA}.Release|Any CPU.Build.0 = Release|Any CPU
	EndGlobalSection
	GlobalSection(SolutionProperties) = preSolution
		HideSolutionNode = FALSE
	EndGlobalSection
	GlobalSection(ExtensibilityGlobals) = postSolution
		SolutionGuid = {3E4C8709-52A8-451D-A857-A5C49E658FF7}
	EndGlobalSection
EndGlobal
