
Microsoft Visual Studio Solution File, Format Version 12.00
# Visual Studio Version 17
VisualStudioVersion = 17.11.35431.28
MinimumVisualStudioVersion = 10.0.40219.1
Project("{FAE04EC0-301F-11D3-BF4B-00C04F79EFBC}") = "ModificadoresAcceso", "ModificadoresAcceso.csproj", "{4E4124C0-BFB7-4033-8728-E73058F9B0BF}"
EndProject
Global
	GlobalSection(SolutionConfigurationPlatforms) = preSolution
		Debug|Any CPU = Debug|Any CPU
		Release|Any CPU = Release|Any CPU
	EndGlobalSection
	GlobalSection(ProjectConfigurationPlatforms) = postSolution
		{4E4124C0-BFB7-4033-8728-E73058F9B0BF}.Debug|Any CPU.ActiveCfg = Debug|Any CPU
		{4E4124C0-BFB7-4033-8728-E73058F9B0BF}.Debug|Any CPU.Build.0 = Debug|Any CPU
		{4E4124C0-BFB7-4033-8728-E73058F9B0BF}.Release|Any CPU.ActiveCfg = Release|Any CPU
		{4E4124C0-BFB7-4033-8728-E73058F9B0BF}.Release|Any CPU.Build.0 = Release|Any CPU
	EndGlobalSection
	GlobalSection(SolutionProperties) = preSolution
		HideSolutionNode = FALSE
	EndGlobalSection
	GlobalSection(ExtensibilityGlobals) = postSolution
		SolutionGuid = {C4D500E7-DEEC-4EA6-AC0B-0E77B3AD9CB6}
	EndGlobalSection
EndGlobal
