
Microsoft Visual Studio Solution File, Format Version 12.00
# Visual Studio Version 17
VisualStudioVersion = 17.11.35431.28
MinimumVisualStudioVersion = 10.0.40219.1
Project("{FAE04EC0-301F-11D3-BF4B-00C04F79EFBC}") = "EjemploHerencia", "EjemploHerencia.csproj", "{1AFB78CD-AED4-4EB2-9CD3-64230D7D9A49}"
EndProject
Global
	GlobalSection(SolutionConfigurationPlatforms) = preSolution
		Debug|Any CPU = Debug|Any CPU
		Release|Any CPU = Release|Any CPU
	EndGlobalSection
	GlobalSection(ProjectConfigurationPlatforms) = postSolution
		{1AFB78CD-AED4-4EB2-9CD3-64230D7D9A49}.Debug|Any CPU.ActiveCfg = Debug|Any CPU
		{1AFB78CD-AED4-4EB2-9CD3-64230D7D9A49}.Debug|Any CPU.Build.0 = Debug|Any CPU
		{1AFB78CD-AED4-4EB2-9CD3-64230D7D9A49}.Release|Any CPU.ActiveCfg = Release|Any CPU
		{1AFB78CD-AED4-4EB2-9CD3-64230D7D9A49}.Release|Any CPU.Build.0 = Release|Any CPU
	EndGlobalSection
	GlobalSection(SolutionProperties) = preSolution
		HideSolutionNode = FALSE
	EndGlobalSection
	GlobalSection(ExtensibilityGlobals) = postSolution
		SolutionGuid = {964421A5-6465-43B9-A249-23BA401EF670}
	EndGlobalSection
EndGlobal
