
Microsoft Visual Studio Solution File, Format Version 12.00
# Visual Studio Version 17
VisualStudioVersion = 17.5.002.0
MinimumVisualStudioVersion = 10.0.40219.1
Project("{2150E333-8FDC-42A3-9474-1A3956D46DE8}") = "08_Curso_C#", "08_Curso_C#", "{6133389D-5B57-40F9-B3FF-70B79EC02AA9}"
EndProject
Project("{9A19103F-16F7-4668-BE54-9A1E7A4F7556}") = "HolaMundo", "08_Curso_C#\HolaMundo\HolaMundo.csproj", "{AD327D77-BF87-458E-9C2D-CA26D5168CBC}"
EndProject
Global
	GlobalSection(SolutionConfigurationPlatforms) = preSolution
		Debug|Any CPU = Debug|Any CPU
		Release|Any CPU = Release|Any CPU
	EndGlobalSection
	GlobalSection(ProjectConfigurationPlatforms) = postSolution
		{AD327D77-BF87-458E-9C2D-CA26D5168CBC}.Debug|Any CPU.ActiveCfg = Debug|Any CPU
		{AD327D77-BF87-458E-9C2D-CA26D5168CBC}.Debug|Any CPU.Build.0 = Debug|Any CPU
		{AD327D77-BF87-458E-9C2D-CA26D5168CBC}.Release|Any CPU.ActiveCfg = Release|Any CPU
		{AD327D77-BF87-458E-9C2D-CA26D5168CBC}.Release|Any CPU.Build.0 = Release|Any CPU
	EndGlobalSection
	GlobalSection(SolutionProperties) = preSolution
		HideSolutionNode = FALSE
	EndGlobalSection
	GlobalSection(NestedProjects) = preSolution
		{AD327D77-BF87-458E-9C2D-CA26D5168CBC} = {6133389D-5B57-40F9-B3FF-70B79EC02AA9}
	EndGlobalSection
	GlobalSection(ExtensibilityGlobals) = postSolution
		SolutionGuid = {1E5CDC14-DF11-486A-A4E9-5715CA449AD7}
	EndGlobalSection
EndGlobal
