
Microsoft Visual Studio Solution File, Format Version 12.00
# Visual Studio Version 17
VisualStudioVersion = 17.11.35431.28
MinimumVisualStudioVersion = 10.0.40219.1
Project("{FAE04EC0-301F-11D3-BF4B-00C04F79EFBC}") = "TryCatch_Finally_Throw", "TryCatch_Finally_Throw.csproj", "{2E43E09C-5B5F-4CB9-86E9-F6ACC27129BB}"
EndProject
Global
	GlobalSection(SolutionConfigurationPlatforms) = preSolution
		Debug|Any CPU = Debug|Any CPU
		Release|Any CPU = Release|Any CPU
	EndGlobalSection
	GlobalSection(ProjectConfigurationPlatforms) = postSolution
		{2E43E09C-5B5F-4CB9-86E9-F6ACC27129BB}.Debug|Any CPU.ActiveCfg = Debug|Any CPU
		{2E43E09C-5B5F-4CB9-86E9-F6ACC27129BB}.Debug|Any CPU.Build.0 = Debug|Any CPU
		{2E43E09C-5B5F-4CB9-86E9-F6ACC27129BB}.Release|Any CPU.ActiveCfg = Release|Any CPU
		{2E43E09C-5B5F-4CB9-86E9-F6ACC27129BB}.Release|Any CPU.Build.0 = Release|Any CPU
	EndGlobalSection
	GlobalSection(SolutionProperties) = preSolution
		HideSolutionNode = FALSE
	EndGlobalSection
	GlobalSection(ExtensibilityGlobals) = postSolution
		SolutionGuid = {79277E06-D79D-49E2-8D26-52B056E04C4B}
	EndGlobalSection
EndGlobal
