
Microsoft Visual Studio Solution File, Format Version 12.00
# Visual Studio Version 17
VisualStudioVersion = 17.11.35431.28
MinimumVisualStudioVersion = 10.0.40219.1
Project("{FAE04EC0-301F-11D3-BF4B-00C04F79EFBC}") = "Array_Resize", "Array_Resize.csproj", "{5FE01927-5C10-4EFC-9221-4B34BAE8CF02}"
EndProject
Global
	GlobalSection(SolutionConfigurationPlatforms) = preSolution
		Debug|Any CPU = Debug|Any CPU
		Release|Any CPU = Release|Any CPU
	EndGlobalSection
	GlobalSection(ProjectConfigurationPlatforms) = postSolution
		{5FE01927-5C10-4EFC-9221-4B34BAE8CF02}.Debug|Any CPU.ActiveCfg = Debug|Any CPU
		{5FE01927-5C10-4EFC-9221-4B34BAE8CF02}.Debug|Any CPU.Build.0 = Debug|Any CPU
		{5FE01927-5C10-4EFC-9221-4B34BAE8CF02}.Release|Any CPU.ActiveCfg = Release|Any CPU
		{5FE01927-5C10-4EFC-9221-4B34BAE8CF02}.Release|Any CPU.Build.0 = Release|Any CPU
	EndGlobalSection
	GlobalSection(SolutionProperties) = preSolution
		HideSolutionNode = FALSE
	EndGlobalSection
	GlobalSection(ExtensibilityGlobals) = postSolution
		SolutionGuid = {81B21211-6F79-440B-9747-E7C23570E515}
	EndGlobalSection
EndGlobal
