
Microsoft Visual Studio Solution File, Format Version 12.00
# Visual Studio Version 17
VisualStudioVersion = 17.11.35431.28
MinimumVisualStudioVersion = 10.0.40219.1
Project("{FAE04EC0-301F-11D3-BF4B-00C04F79EFBC}") = "SobrecargaFunciones", "SobrecargaFunciones.csproj", "{3019BB80-4CCE-4A0A-8D34-116777FD7855}"
EndProject
Global
	GlobalSection(SolutionConfigurationPlatforms) = preSolution
		Debug|Any CPU = Debug|Any CPU
		Release|Any CPU = Release|Any CPU
	EndGlobalSection
	GlobalSection(ProjectConfigurationPlatforms) = postSolution
		{3019BB80-4CCE-4A0A-8D34-116777FD7855}.Debug|Any CPU.ActiveCfg = Debug|Any CPU
		{3019BB80-4CCE-4A0A-8D34-116777FD7855}.Debug|Any CPU.Build.0 = Debug|Any CPU
		{3019BB80-4CCE-4A0A-8D34-116777FD7855}.Release|Any CPU.ActiveCfg = Release|Any CPU
		{3019BB80-4CCE-4A0A-8D34-116777FD7855}.Release|Any CPU.Build.0 = Release|Any CPU
	EndGlobalSection
	GlobalSection(SolutionProperties) = preSolution
		HideSolutionNode = FALSE
	EndGlobalSection
	GlobalSection(ExtensibilityGlobals) = postSolution
		SolutionGuid = {D4E62111-72EC-4EA8-B712-7BB1A717DBC0}
	EndGlobalSection
EndGlobal
