
Microsoft Visual Studio Solution File, Format Version 12.00
# Visual Studio Version 17
VisualStudioVersion = 17.11.35431.28
MinimumVisualStudioVersion = 10.0.40219.1
Project("{FAE04EC0-301F-11D3-BF4B-00C04F79EFBC}") = "Acumulador_Aggregate", "Acumulador_Aggregate.csproj", "{51445995-F934-44B4-BA9D-584C90F5DD9C}"
EndProject
Global
	GlobalSection(SolutionConfigurationPlatforms) = preSolution
		Debug|Any CPU = Debug|Any CPU
		Release|Any CPU = Release|Any CPU
	EndGlobalSection
	GlobalSection(ProjectConfigurationPlatforms) = postSolution
		{51445995-F934-44B4-BA9D-584C90F5DD9C}.Debug|Any CPU.ActiveCfg = Debug|Any CPU
		{51445995-F934-44B4-BA9D-584C90F5DD9C}.Debug|Any CPU.Build.0 = Debug|Any CPU
		{51445995-F934-44B4-BA9D-584C90F5DD9C}.Release|Any CPU.ActiveCfg = Release|Any CPU
		{51445995-F934-44B4-BA9D-584C90F5DD9C}.Release|Any CPU.Build.0 = Release|Any CPU
	EndGlobalSection
	GlobalSection(SolutionProperties) = preSolution
		HideSolutionNode = FALSE
	EndGlobalSection
	GlobalSection(ExtensibilityGlobals) = postSolution
		SolutionGuid = {8E14A2A5-BDF0-4F25-A6B0-DC777FD33600}
	EndGlobalSection
EndGlobal
