
Microsoft Visual Studio Solution File, Format Version 12.00
# Visual Studio Version 17
VisualStudioVersion = 17.11.35431.28
MinimumVisualStudioVersion = 10.0.40219.1
Project("{FAE04EC0-301F-11D3-BF4B-00C04F79EFBC}") = "relanzarExcepciones_Throw", "relanzarExcepciones_Throw.csproj", "{BD682994-7FF2-49FB-9E2F-8B4C5E341FED}"
EndProject
Global
	GlobalSection(SolutionConfigurationPlatforms) = preSolution
		Debug|Any CPU = Debug|Any CPU
		Release|Any CPU = Release|Any CPU
	EndGlobalSection
	GlobalSection(ProjectConfigurationPlatforms) = postSolution
		{BD682994-7FF2-49FB-9E2F-8B4C5E341FED}.Debug|Any CPU.ActiveCfg = Debug|Any CPU
		{BD682994-7FF2-49FB-9E2F-8B4C5E341FED}.Debug|Any CPU.Build.0 = Debug|Any CPU
		{BD682994-7FF2-49FB-9E2F-8B4C5E341FED}.Release|Any CPU.ActiveCfg = Release|Any CPU
		{BD682994-7FF2-49FB-9E2F-8B4C5E341FED}.Release|Any CPU.Build.0 = Release|Any CPU
	EndGlobalSection
	GlobalSection(SolutionProperties) = preSolution
		HideSolutionNode = FALSE
	EndGlobalSection
	GlobalSection(ExtensibilityGlobals) = postSolution
		SolutionGuid = {CC78CA84-B10A-4DD9-A814-CF31C127521A}
	EndGlobalSection
EndGlobal
