
Microsoft Visual Studio Solution File, Format Version 12.00
# Visual Studio Version 17
VisualStudioVersion = 17.11.35431.28
MinimumVisualStudioVersion = 10.0.40219.1
Project("{FAE04EC0-301F-11D3-BF4B-00C04F79EFBC}") = "funcionesDeConversion(Convert)", "funcionesDeConversion(Convert).csproj", "{894B3B49-F18B-4592-B13C-E8BE178AC6D9}"
EndProject
Global
	GlobalSection(SolutionConfigurationPlatforms) = preSolution
		Debug|Any CPU = Debug|Any CPU
		Release|Any CPU = Release|Any CPU
	EndGlobalSection
	GlobalSection(ProjectConfigurationPlatforms) = postSolution
		{894B3B49-F18B-4592-B13C-E8BE178AC6D9}.Debug|Any CPU.ActiveCfg = Debug|Any CPU
		{894B3B49-F18B-4592-B13C-E8BE178AC6D9}.Debug|Any CPU.Build.0 = Debug|Any CPU
		{894B3B49-F18B-4592-B13C-E8BE178AC6D9}.Release|Any CPU.ActiveCfg = Release|Any CPU
		{894B3B49-F18B-4592-B13C-E8BE178AC6D9}.Release|Any CPU.Build.0 = Release|Any CPU
	EndGlobalSection
	GlobalSection(SolutionProperties) = preSolution
		HideSolutionNode = FALSE
	EndGlobalSection
	GlobalSection(ExtensibilityGlobals) = postSolution
		SolutionGuid = {65945BCE-237B-4BA7-94AC-AFC3471E85B7}
	EndGlobalSection
EndGlobal
