
Microsoft Visual Studio Solution File, Format Version 12.00
# Visual Studio Version 17
VisualStudioVersion = 17.11.35431.28
MinimumVisualStudioVersion = 10.0.40219.1
Project("{FAE04EC0-301F-11D3-BF4B-00C04F79EFBC}") = "Busqueda_TrueForAll", "Busqueda_TrueForAll.csproj", "{B9728C46-8307-4687-85DF-CAE1F51A24B3}"
EndProject
Global
	GlobalSection(SolutionConfigurationPlatforms) = preSolution
		Debug|Any CPU = Debug|Any CPU
		Release|Any CPU = Release|Any CPU
	EndGlobalSection
	GlobalSection(ProjectConfigurationPlatforms) = postSolution
		{B9728C46-8307-4687-85DF-CAE1F51A24B3}.Debug|Any CPU.ActiveCfg = Debug|Any CPU
		{B9728C46-8307-4687-85DF-CAE1F51A24B3}.Debug|Any CPU.Build.0 = Debug|Any CPU
		{B9728C46-8307-4687-85DF-CAE1F51A24B3}.Release|Any CPU.ActiveCfg = Release|Any CPU
		{B9728C46-8307-4687-85DF-CAE1F51A24B3}.Release|Any CPU.Build.0 = Release|Any CPU
	EndGlobalSection
	GlobalSection(SolutionProperties) = preSolution
		HideSolutionNode = FALSE
	EndGlobalSection
	GlobalSection(ExtensibilityGlobals) = postSolution
		SolutionGuid = {1BEBFC0B-A9E8-4DAC-81FB-AA8F2E274877}
	EndGlobalSection
EndGlobal
