
Microsoft Visual Studio Solution File, Format Version 12.00
# Visual Studio Version 17
VisualStudioVersion = 17.11.35431.28
MinimumVisualStudioVersion = 10.0.40219.1
Project("{FAE04EC0-301F-11D3-BF4B-00C04F79EFBC}") = "EjemploSaludar", "EjemploSaludar.csproj", "{4EF1C5F8-8836-440A-AEEB-A31C30C74480}"
EndProject
Global
	GlobalSection(SolutionConfigurationPlatforms) = preSolution
		Debug|Any CPU = Debug|Any CPU
		Release|Any CPU = Release|Any CPU
	EndGlobalSection
	GlobalSection(ProjectConfigurationPlatforms) = postSolution
		{4EF1C5F8-8836-440A-AEEB-A31C30C74480}.Debug|Any CPU.ActiveCfg = Debug|Any CPU
		{4EF1C5F8-8836-440A-AEEB-A31C30C74480}.Debug|Any CPU.Build.0 = Debug|Any CPU
		{4EF1C5F8-8836-440A-AEEB-A31C30C74480}.Release|Any CPU.ActiveCfg = Release|Any CPU
		{4EF1C5F8-8836-440A-AEEB-A31C30C74480}.Release|Any CPU.Build.0 = Release|Any CPU
	EndGlobalSection
	GlobalSection(SolutionProperties) = preSolution
		HideSolutionNode = FALSE
	EndGlobalSection
	GlobalSection(ExtensibilityGlobals) = postSolution
		SolutionGuid = {596E61B5-78F5-4DEC-96C2-B3D2526E8CE9}
	EndGlobalSection
EndGlobal
