
Microsoft Visual Studio Solution File, Format Version 12.00
# Visual Studio Version 17
VisualStudioVersion = 17.11.35431.28
MinimumVisualStudioVersion = 10.0.40219.1
Project("{FAE04EC0-301F-11D3-BF4B-00C04F79EFBC}") = "excepciones(tryCatchFinally)", "excepciones(tryCatchFinally).csproj", "{96B490AD-58C1-4C8A-88E7-6E1185052E41}"
EndProject
Global
	GlobalSection(SolutionConfigurationPlatforms) = preSolution
		Debug|Any CPU = Debug|Any CPU
		Release|Any CPU = Release|Any CPU
	EndGlobalSection
	GlobalSection(ProjectConfigurationPlatforms) = postSolution
		{96B490AD-58C1-4C8A-88E7-6E1185052E41}.Debug|Any CPU.ActiveCfg = Debug|Any CPU
		{96B490AD-58C1-4C8A-88E7-6E1185052E41}.Debug|Any CPU.Build.0 = Debug|Any CPU
		{96B490AD-58C1-4C8A-88E7-6E1185052E41}.Release|Any CPU.ActiveCfg = Release|Any CPU
		{96B490AD-58C1-4C8A-88E7-6E1185052E41}.Release|Any CPU.Build.0 = Release|Any CPU
	EndGlobalSection
	GlobalSection(SolutionProperties) = preSolution
		HideSolutionNode = FALSE
	EndGlobalSection
	GlobalSection(ExtensibilityGlobals) = postSolution
		SolutionGuid = {64AE5504-536A-4032-A223-7437CE842D6E}
	EndGlobalSection
EndGlobal
