
Microsoft Visual Studio Solution File, Format Version 12.00
# Visual Studio Version 17
VisualStudioVersion = 17.11.35431.28
MinimumVisualStudioVersion = 10.0.40219.1
Project("{FAE04EC0-301F-11D3-BF4B-00C04F79EFBC}") = "Array_Clone", "Array_Clone.csproj", "{AECAB6CB-63FE-4F16-955D-9783D395FFBF}"
EndProject
Global
	GlobalSection(SolutionConfigurationPlatforms) = preSolution
		Debug|Any CPU = Debug|Any CPU
		Release|Any CPU = Release|Any CPU
	EndGlobalSection
	GlobalSection(ProjectConfigurationPlatforms) = postSolution
		{AECAB6CB-63FE-4F16-955D-9783D395FFBF}.Debug|Any CPU.ActiveCfg = Debug|Any CPU
		{AECAB6CB-63FE-4F16-955D-9783D395FFBF}.Debug|Any CPU.Build.0 = Debug|Any CPU
		{AECAB6CB-63FE-4F16-955D-9783D395FFBF}.Release|Any CPU.ActiveCfg = Release|Any CPU
		{AECAB6CB-63FE-4F16-955D-9783D395FFBF}.Release|Any CPU.Build.0 = Release|Any CPU
	EndGlobalSection
	GlobalSection(SolutionProperties) = preSolution
		HideSolutionNode = FALSE
	EndGlobalSection
	GlobalSection(ExtensibilityGlobals) = postSolution
		SolutionGuid = {117BF64F-E5AB-4BE8-AEA4-962001D95EC9}
	EndGlobalSection
EndGlobal
