
Microsoft Visual Studio Solution File, Format Version 12.00
# Visual Studio Version 17
VisualStudioVersion = 17.11.35431.28
MinimumVisualStudioVersion = 10.0.40219.1
Project("{FAE04EC0-301F-11D3-BF4B-00C04F79EFBC}") = "ClaseProductoCRUD", "ClaseProductoCRUD\ClaseProductoCRUD.csproj", "{F143BEEF-D55B-4D6D-8476-087F9A428AF6}"
EndProject
Global
	GlobalSection(SolutionConfigurationPlatforms) = preSolution
		Debug|Any CPU = Debug|Any CPU
		Release|Any CPU = Release|Any CPU
	EndGlobalSection
	GlobalSection(ProjectConfigurationPlatforms) = postSolution
		{F143BEEF-D55B-4D6D-8476-087F9A428AF6}.Debug|Any CPU.ActiveCfg = Debug|Any CPU
		{F143BEEF-D55B-4D6D-8476-087F9A428AF6}.Debug|Any CPU.Build.0 = Debug|Any CPU
		{F143BEEF-D55B-4D6D-8476-087F9A428AF6}.Release|Any CPU.ActiveCfg = Release|Any CPU
		{F143BEEF-D55B-4D6D-8476-087F9A428AF6}.Release|Any CPU.Build.0 = Release|Any CPU
	EndGlobalSection
	GlobalSection(SolutionProperties) = preSolution
		HideSolutionNode = FALSE
	EndGlobalSection
	GlobalSection(ExtensibilityGlobals) = postSolution
		SolutionGuid = {435A57B9-9F8A-402A-AAB1-8D03AA58D804}
	EndGlobalSection
EndGlobal
