
Microsoft Visual Studio Solution File, Format Version 12.00
# Visual Studio Version 17
VisualStudioVersion = 17.11.35431.28
MinimumVisualStudioVersion = 10.0.40219.1
Project("{FAE04EC0-301F-11D3-BF4B-00C04F79EFBC}") = "ExcepcionControlada_when", "ExcepcionControlada_when.csproj", "{5E1DE9F6-52EF-4848-9B7D-5D7E9607612A}"
EndProject
Global
	GlobalSection(SolutionConfigurationPlatforms) = preSolution
		Debug|Any CPU = Debug|Any CPU
		Release|Any CPU = Release|Any CPU
	EndGlobalSection
	GlobalSection(ProjectConfigurationPlatforms) = postSolution
		{5E1DE9F6-52EF-4848-9B7D-5D7E9607612A}.Debug|Any CPU.ActiveCfg = Debug|Any CPU
		{5E1DE9F6-52EF-4848-9B7D-5D7E9607612A}.Debug|Any CPU.Build.0 = Debug|Any CPU
		{5E1DE9F6-52EF-4848-9B7D-5D7E9607612A}.Release|Any CPU.ActiveCfg = Release|Any CPU
		{5E1DE9F6-52EF-4848-9B7D-5D7E9607612A}.Release|Any CPU.Build.0 = Release|Any CPU
	EndGlobalSection
	GlobalSection(SolutionProperties) = preSolution
		HideSolutionNode = FALSE
	EndGlobalSection
	GlobalSection(ExtensibilityGlobals) = postSolution
		SolutionGuid = {3BDAD22F-D46B-4A8E-8E2E-B28225833F4E}
	EndGlobalSection
EndGlobal
