
Microsoft Visual Studio Solution File, Format Version 12.00
# Visual Studio Version 17
VisualStudioVersion = 17.11.35431.28
MinimumVisualStudioVersion = 10.0.40219.1
Project("{FAE04EC0-301F-11D3-BF4B-00C04F79EFBC}") = "Array_IndexOf", "Array_IndexOf.csproj", "{224AFB3E-45E3-4C0D-ABF2-D786F5CE56B2}"
EndProject
Global
	GlobalSection(SolutionConfigurationPlatforms) = preSolution
		Debug|Any CPU = Debug|Any CPU
		Release|Any CPU = Release|Any CPU
	EndGlobalSection
	GlobalSection(ProjectConfigurationPlatforms) = postSolution
		{224AFB3E-45E3-4C0D-ABF2-D786F5CE56B2}.Debug|Any CPU.ActiveCfg = Debug|Any CPU
		{224AFB3E-45E3-4C0D-ABF2-D786F5CE56B2}.Debug|Any CPU.Build.0 = Debug|Any CPU
		{224AFB3E-45E3-4C0D-ABF2-D786F5CE56B2}.Release|Any CPU.ActiveCfg = Release|Any CPU
		{224AFB3E-45E3-4C0D-ABF2-D786F5CE56B2}.Release|Any CPU.Build.0 = Release|Any CPU
	EndGlobalSection
	GlobalSection(SolutionProperties) = preSolution
		HideSolutionNode = FALSE
	EndGlobalSection
	GlobalSection(ExtensibilityGlobals) = postSolution
		SolutionGuid = {8DE0A5CF-4698-4F0F-9352-FA582D2DC04A}
	EndGlobalSection
EndGlobal
