
Microsoft Visual Studio Solution File, Format Version 12.00
# Visual Studio Version 17
VisualStudioVersion = 17.11.35431.28
MinimumVisualStudioVersion = 10.0.40219.1
Project("{FAE04EC0-301F-11D3-BF4B-00C04F79EFBC}") = "funcionCalcularAreaCirculo", "funcionCalcularAreaCirculo.csproj", "{E09E8FB1-7BA4-460D-B8F2-107509D8C295}"
EndProject
Global
	GlobalSection(SolutionConfigurationPlatforms) = preSolution
		Debug|Any CPU = Debug|Any CPU
		Release|Any CPU = Release|Any CPU
	EndGlobalSection
	GlobalSection(ProjectConfigurationPlatforms) = postSolution
		{E09E8FB1-7BA4-460D-B8F2-107509D8C295}.Debug|Any CPU.ActiveCfg = Debug|Any CPU
		{E09E8FB1-7BA4-460D-B8F2-107509D8C295}.Debug|Any CPU.Build.0 = Debug|Any CPU
		{E09E8FB1-7BA4-460D-B8F2-107509D8C295}.Release|Any CPU.ActiveCfg = Release|Any CPU
		{E09E8FB1-7BA4-460D-B8F2-107509D8C295}.Release|Any CPU.Build.0 = Release|Any CPU
	EndGlobalSection
	GlobalSection(SolutionProperties) = preSolution
		HideSolutionNode = FALSE
	EndGlobalSection
	GlobalSection(ExtensibilityGlobals) = postSolution
		SolutionGuid = {856B0AC1-0546-4035-BACC-35CD8C21974C}
	EndGlobalSection
EndGlobal
